
Microsoft Visual Studio Solution File, Format Version 12.00
# Visual Studio Version 16
VisualStudioVersion = 16.0.31624.102
MinimumVisualStudioVersion = 10.0.40219.1
Project("{FAE04EC0-301F-11D3-BF4B-00C04F79EFBC}") = "BackEndComentario", "BackEndComentario\BackEndComentario.csproj", "{FCE3AD78-37C7-4BB3-B389-D972D9949E8B}"
EndProject
Global
	GlobalSection(SolutionConfigurationPlatforms) = preSolution
		Debug|Any CPU = Debug|Any CPU
		Release|Any CPU = Release|Any CPU
	EndGlobalSection
	GlobalSection(ProjectConfigurationPlatforms) = postSolution
		{FCE3AD78-37C7-4BB3-B389-D972D9949E8B}.Debug|Any CPU.ActiveCfg = Debug|Any CPU
		{FCE3AD78-37C7-4BB3-B389-D972D9949E8B}.Debug|Any CPU.Build.0 = Debug|Any CPU
		{FCE3AD78-37C7-4BB3-B389-D972D9949E8B}.Release|Any CPU.ActiveCfg = Release|Any CPU
		{FCE3AD78-37C7-4BB3-B389-D972D9949E8B}.Release|Any CPU.Build.0 = Release|Any CPU
	EndGlobalSection
	GlobalSection(SolutionProperties) = preSolution
		HideSolutionNode = FALSE
	EndGlobalSection
	GlobalSection(ExtensibilityGlobals) = postSolution
		SolutionGuid = {64C5AFDC-3ACB-4A76-B378-715BD343E74B}
	EndGlobalSection
EndGlobal
